// !$*UTF8*$!
{
	archiveVersion = 1;
	classes = {
	};
	objectVersion = 46;
	objects = {

/* Begin PBXBuildFile section */
		7F531FC81E567F1800BB4C76 /* AppDelegate.swift in Sources */ = {isa = PBXBuildFile; fileRef = 7F531FC71E567F1800BB4C76 /* AppDelegate.swift */; };
		7F531FCA1E567F1800BB4C76 /* ViewController.swift in Sources */ = {isa = PBXBuildFile; fileRef = 7F531FC91E567F1800BB4C76 /* ViewController.swift */; };
		7F531FCD1E567F1800BB4C76 /* Main.storyboard in Resources */ = {isa = PBXBuildFile; fileRef = 7F531FCB1E567F1800BB4C76 /* Main.storyboard */; };
		7F531FCF1E567F1800BB4C76 /* Assets.xcassets in Resources */ = {isa = PBXBuildFile; fileRef = 7F531FCE1E567F1800BB4C76 /* Assets.xcassets */; };
		7F531FD21E567F1800BB4C76 /* LaunchScreen.storyboard in Resources */ = {isa = PBXBuildFile; fileRef = 7F531FD01E567F1800BB4C76 /* LaunchScreen.storyboard */; };
		7F531FDA1E56807200BB4C76 /* pound-yen-euro-dollar.png in Resources */ = {isa = PBXBuildFile; fileRef = 7F531FD91E56807200BB4C76 /* pound-yen-euro-dollar.png */; };
		7F531FDC1E56AF3800BB4C76 /* Main.storyboard in Resources */ = {isa = PBXBuildFile; fileRef = 7F531FDB1E56AF3800BB4C76 /* Main.storyboard */; };
/* End PBXBuildFile section */

/* Begin PBXFileReference section */
		7F531FC41E567F1800BB4C76 /* CurrencyConverter.app */ = {isa = PBXFileReference; explicitFileType = wrapper.application; includeInIndex = 0; path = CurrencyConverter.app; sourceTree = BUILT_PRODUCTS_DIR; };
		7F531FC71E567F1800BB4C76 /* AppDelegate.swift */ = {isa = PBXFileReference; lastKnownFileType = sourcecode.swift; path = AppDelegate.swift; sourceTree = "<group>"; };
		7F531FC91E567F1800BB4C76 /* ViewController.swift */ = {isa = PBXFileReference; lastKnownFileType = sourcecode.swift; path = ViewController.swift; sourceTree = "<group>"; };
		7F531FCC1E567F1800BB4C76 /* Base */ = {isa = PBXFileReference; lastKnownFileType = file.storyboard; name = Base; path = Base.lproj/Main.storyboard; sourceTree = "<group>"; };
		7F531FCE1E567F1800BB4C76 /* Assets.xcassets */ = {isa = PBXFileReference; lastKnownFileType = folder.assetcatalog; path = Assets.xcassets; sourceTree = "<group>"; };
		7F531FD11E567F1800BB4C76 /* Base */ = {isa = PBXFileReference; lastKnownFileType = file.storyboard; name = Base; path = Base.lproj/LaunchScreen.storyboard; sourceTree = "<group>"; };
		7F531FD31E567F1800BB4C76 /* Info.plist */ = {isa = PBXFileReference; lastKnownFileType = text.plist.xml; path = Info.plist; sourceTree = "<group>"; };
		7F531FD91E56807200BB4C76 /* pound-yen-euro-dollar.png */ = {isa = PBXFileReference; lastKnownFileType = image.png; path = "pound-yen-euro-dollar.png"; sourceTree = "<group>"; };
		7F531FDB1E56AF3800BB4C76 /* Main.storyboard */ = {isa = PBXFileReference; fileEncoding = 4; lastKnownFileType = file.storyboard; path = Main.storyboard; sourceTree = "<group>"; };
/* End PBXFileReference section */

/* Begin PBXFrameworksBuildPhase section */
		7F531FC11E567F1800BB4C76 /* Frameworks */ = {
			isa = PBXFrameworksBuildPhase;
			buildActionMask = 2147483647;
			files = (
			);
			runOnlyForDeploymentPostprocessing = 0;
		};
/* End PBXFrameworksBuildPhase section */

/* Begin PBXGroup section */
		7F531FBB1E567F1800BB4C76 = {
			isa = PBXGroup;
			children = (
				7F531FDB1E56AF3800BB4C76 /* Main.storyboard */,
				7F531FC61E567F1800BB4C76 /* CurrencyConverter */,
				7F531FC51E567F1800BB4C76 /* Products */,
			);
			sourceTree = "<group>";
		};
		7F531FC51E567F1800BB4C76 /* Products */ = {
			isa = PBXGroup;
			children = (
				7F531FC41E567F1800BB4C76 /* CurrencyConverter.app */,
			);
			name = Products;
			sourceTree = "<group>";
		};
		7F531FC61E567F1800BB4C76 /* CurrencyConverter */ = {
			isa = PBXGroup;
			children = (
				7F531FC71E567F1800BB4C76 /* AppDelegate.swift */,
				7F531FC91E567F1800BB4C76 /* ViewController.swift */,
				7F531FCB1E567F1800BB4C76 /* Main.storyboard */,
				7F531FCE1E567F1800BB4C76 /* Assets.xcassets */,
				7F531FD01E567F1800BB4C76 /* LaunchScreen.storyboard */,
				7F531FD91E56807200BB4C76 /* pound-yen-euro-dollar.png */,
				7F531FD31E567F1800BB4C76 /* Info.plist */,
			);
			path = CurrencyConverter;
			sourceTree = "<group>";
		};
/* End PBXGroup section */

/* Begin PBXNativeTarget section */
		7F531FC31E567F1800BB4C76 /* CurrencyConverter */ = {
			isa = PBXNativeTarget;
			buildConfigurationList = 7F531FD61E567F1800BB4C76 /* Build configuration list for PBXNativeTarget "CurrencyConverter" */;
			buildPhases = (
				7F531FC01E567F1800BB4C76 /* Sources */,
				7F531FC11E567F1800BB4C76 /* Frameworks */,
				7F531FC21E567F1800BB4C76 /* Resources */,
			);
			buildRules = (
			);
			dependencies = (
			);
			name = CurrencyConverter;
			productName = CurrencyConverter;
			productReference = 7F531FC41E567F1800BB4C76 /* CurrencyConverter.app */;
			productType = "com.apple.product-type.application";
		};
/* End PBXNativeTarget section */

/* Begin PBXProject section */
		7F531FBC1E567F1800BB4C76 /* Project object */ = {
			isa = PBXProject;
			attributes = {
				LastSwiftUpdateCheck = 0820;
				LastUpgradeCheck = 0820;
				ORGANIZATIONNAME = Ruben;
				TargetAttributes = {
					7F531FC31E567F1800BB4C76 = {
						CreatedOnToolsVersion = 8.2.1;
						ProvisioningStyle = Automatic;
					};
				};
			};
			buildConfigurationList = 7F531FBF1E567F1800BB4C76 /* Build configuration list for PBXProject "CurrencyConverter" */;
			compatibilityVersion = "Xcode 3.2";
			developmentRegion = English;
			hasScannedForEncodings = 0;
			knownRegions = (
				en,
				Base,
			);
			mainGroup = 7F531FBB1E567F1800BB4C76;
			productRefGroup = 7F531FC51E567F1800BB4C76 /* Products */;
			projectDirPath = "";
			projectRoot = "";
			targets = (
				7F531FC31E567F1800BB4C76 /* CurrencyConverter */,
			);
		};
/* End PBXProject section */

/* Begin PBXResourcesBuildPhase section */
		7F531FC21E567F1800BB4C76 /* Resources */ = {
			isa = PBXResourcesBuildPhase;
			buildActionMask = 2147483647;
			files = (
				7F531FD21E567F1800BB4C76 /* LaunchScreen.storyboard in Resources */,
				7F531FDC1E56AF3800BB4C76 /* Main.storyboard in Resources */,
				7F531FCF1E567F1800BB4C76 /* Assets.xcassets in Resources */,
				7F531FDA1E56807200BB4C76 /* pound-yen-euro-dollar.png in Resources */,
				7F531FCD1E567F1800BB4C76 /* Main.storyboard in Resources */,
			);
			runOnlyForDeploymentPostprocessing = 0;
		};
/* End PBXResourcesBuildPhase section */

/* Begin PBXSourcesBuildPhase section */
		7F531FC01E567F1800BB4C76 /* Sources */ = {
			isa = PBXSourcesBuildPhase;
			buildActionMask = 2147483647;
			files = (
				7F531FCA1E567F1800BB4C76 /* ViewController.swift in Sources */,
				7F531FC81E567F1800BB4C76 /* AppDelegate.swift in Sources */,
			);
			runOnlyForDeploymentPostprocessing = 0;
		};
/* End PBXSourcesBuildPhase section */

/* Begin PBXVariantGroup section */
		7F531FCB1E567F1800BB4C76 /* Main.storyboard */ = {
			isa = PBXVariantGroup;
			children = (
				7F531FCC1E567F1800BB4C76 /* Base */,
			);
			name = Main.storyboard;
			sourceTree = "<group>";
		};
		7F531FD01E567F1800BB4C76 /* LaunchScreen.storyboard */ = {
			isa = PBXVariantGroup;
			children = (
				7F531FD11E567F1800BB4C76 /* Base */,
			);
			name = LaunchScreen.storyboard;
			sourceTree = "<group>";
		};
/* End PBXVariantGroup section */

/* Begin XCBuildConfiguration section */
		7F531FD41E567F1800BB4C76 /* Debug */ = {
			isa = XCBuildConfiguration;
			buildSettings = {
				ALWAYS_SEARCH_USER_PATHS = NO;
				CLANG_ANALYZER_NONNULL = YES;
				CLANG_CXX_LANGUAGE_STANDARD = "gnu++0x";
				CLANG_CXX_LIBRARY = "libc++";
				CLANG_ENABLE_MODULES = YES;
				CLANG_ENABLE_OBJC_ARC = YES;
				CLANG_WARN_BOOL_CONVERSION = YES;
				CLANG_WARN_CONSTANT_CONVERSION = YES;
				CLANG_WARN_DIRECT_OBJC_ISA_USAGE = YES_ERROR;
				CLANG_WARN_DOCUMENTATION_COMMENTS = YES;
				CLANG_WARN_EMPTY_BODY = YES;
				CLANG_WARN_ENUM_CONVERSION = YES;
				CLANG_WARN_INFINITE_RECURSION = YES;
				CLANG_WARN_INT_CONVERSION = YES;
				CLANG_WARN_OBJC_ROOT_CLASS = YES_ERROR;
				CLANG_WARN_SUSPICIOUS_MOVE = YES;
				CLANG_WARN_UNREACHABLE_CODE = YES;
				CLANG_WARN__DUPLICATE_METHOD_MATCH = YES;
				"CODE_SIGN_IDENTITY[sdk=iphoneos*]" = "iPhone Developer";
				COPY_PHASE_STRIP = NO;
				DEBUG_INFORMATION_FORMAT = dwarf;
				ENABLE_STRICT_OBJC_MSGSEND = YES;
				ENABLE_TESTABILITY = YES;
				GCC_C_LANGUAGE_STANDARD = gnu99;
				GCC_DYNAMIC_NO_PIC = NO;
				GCC_NO_COMMON_BLOCKS = YES;
				GCC_OPTIMIZATION_LEVEL = 0;
				GCC_PREPROCESSOR_DEFINITIONS = (
					"DEBUG=1",
					"$(inherited)",
				);
				GCC_WARN_64_TO_32_BIT_CONVERSION = YES;
				GCC_WARN_ABOUT_RETURN_TYPE = YES_ERROR;
				GCC_WARN_UNDECLARED_SELECTOR = YES;
				GCC_WARN_UNINITIALIZED_AUTOS = YES_AGGRESSIVE;
				GCC_WARN_UNUSED_FUNCTION = YES;
				GCC_WARN_UNUSED_VARIABLE = YES;
				IPHONEOS_DEPLOYMENT_TARGET = 10.2;
				MTL_ENABLE_DEBUG_INFO = YES;
				ONLY_ACTIVE_ARCH = YES;
				SDKROOT = iphoneos;
				SWIFT_ACTIVE_COMPILATION_CONDITIONS = DEBUG;
				SWIFT_OPTIMIZATION_LEVEL = "-Onone";
				TARGETED_DEVICE_FAMILY = "1,2";
			};
			name = Debug;
		};
		7F531FD51E567F1800BB4C76 /* Release */ = {
			isa = XCBuildConfiguration;
			buildSettings = {
				ALWAYS_SEARCH_USER_PATHS = NO;
				CLANG_ANALYZER_NONNULL = YES;
				CLANG_CXX_LANGUAGE_STANDARD = "gnu++0x";
				CLANG_CXX_LIBRARY = "libc++";
				CLANG_ENABLE_MODULES = YES;
				CLANG_ENABLE_OBJC_ARC = YES;
				CLANG_WARN_BOOL_CONVERSION = YES;
				CLANG_WARN_CONSTANT_CONVERSION = YES;
				CLANG_WARN_DIRECT_OBJC_ISA_USAGE = YES_ERROR;
				CLANG_WARN_DOCUMENTATION_COMMENTS = YES;
				CLANG_WARN_EMPTY_BODY = YES;
				CLANG_WARN_ENUM_CONVERSION = YES;
				CLANG_WARN_INFINITE_RECURSION = YES;
				CLANG_WARN_INT_CONVERSION = YES;
				CLANG_WARN_OBJC_ROOT_CLASS = YES_ERROR;
				CLANG_WARN_SUSPICIOUS_MOVE = YES;
				CLANG_WARN_UNREACHABLE_CODE = YES;
				CLANG_WARN__DUPLICATE_METHOD_MATCH = YES;
				"CODE_SIGN_IDENTITY[sdk=iphoneos*]" = "iPhone Developer";
				COPY_PHASE_STRIP = NO;
				DEBUG_INFORMATION_FORMAT = "dwarf-with-dsym";
				ENABLE_NS_ASSERTIONS = NO;
				ENABLE_STRICT_OBJC_MSGSEND = YES;
				GCC_C_LANGUAGE_STANDARD = gnu99;
				GCC_NO_COMMON_BLOCKS = YES;
				GCC_WARN_64_TO_32_BIT_CONVERSION = YES;
				GCC_WARN_ABOUT_RETURN_TYPE = YES_ERROR;
				GCC_WARN_UNDECLARED_SELECTOR = YES;
				GCC_WARN_UNINITIALIZED_AUTOS = YES_AGGRESSIVE;
				GCC_WARN_UNUSED_FUNCTION = YES;
				GCC_WARN_UNUSED_VARIABLE = YES;
				IPHONEOS_DEPLOYMENT_TARGET = 10.2;
				MTL_ENABLE_DEBUG_INFO = NO;
				SDKROOT = iphoneos;
				SWIFT_OPTIMIZATION_LEVEL = "-Owholemodule";
				TARGETED_DEVICE_FAMILY = "1,2";
				VALIDATE_PRODUCT = YES;
			};
			name = Release;
		};
		7F531FD71E567F1800BB4C76 /* Debug */ = {
			isa = XCBuildConfiguration;
			buildSettings = {
				ASSETCATALOG_COMPILER_APPICON_NAME = AppIcon;
				INFOPLIST_FILE = CurrencyConverter/Info.plist;
				LD_RUNPATH_SEARCH_PATHS = "$(inherited) @executable_path/Frameworks";
				PRODUCT_BUNDLE_IDENTIFIER = RDV.CurrencyConverter;
				PRODUCT_NAME = "$(TARGET_NAME)";
				SWIFT_VERSION = 3.0;
			};
			name = Debug;
		};
		7F531FD81E567F1800BB4C76 /* Release */ = {
			isa = XCBuildConfiguration;
			buildSettings = {
				ASSETCATALOG_COMPILER_APPICON_NAME = AppIcon;
				INFOPLIST_FILE = CurrencyConverter/Info.plist;
				LD_RUNPATH_SEARCH_PATHS = "$(inherited) @executable_path/Frameworks";
				PRODUCT_BUNDLE_IDENTIFIER = RDV.CurrencyConverter;
				PRODUCT_NAME = "$(TARGET_NAME)";
				SWIFT_VERSION = 3.0;
			};
			name = Release;
		};
/* End XCBuildConfiguration section */

/* Begin XCConfigurationList section */
		7F531FBF1E567F1800BB4C76 /* Build configuration list for PBXProject "CurrencyConverter" */ = {
			isa = XCConfigurationList;
			buildConfigurations = (
				7F531FD41E567F1800BB4C76 /* Debug */,
				7F531FD51E567F1800BB4C76 /* Release */,
			);
			defaultConfigurationIsVisible = 0;
			defaultConfigurationName = Release;
		};
		7F531FD61E567F1800BB4C76 /* Build configuration list for PBXNativeTarget "CurrencyConverter" */ = {
			isa = XCConfigurationList;
			buildConfigurations = (
				7F531FD71E567F1800BB4C76 /* Debug */,
				7F531FD81E567F1800BB4C76 /* Release */,
			);
			defaultConfigurationIsVisible = 0;
			defaultConfigurationName = Release;
		};
/* End XCConfigurationList section */
	};
	rootObject = 7F531FBC1E567F1800BB4C76 /* Project object */;
}
